
Microsoft Visual Studio Solution File, Format Version 12.00
# Visual Studio Version 17
VisualStudioVersion = 17.9.34902.65
MinimumVisualStudioVersion = 10.0.40219.1
Project("{9A19103F-16F7-4668-BE54-9A1E7A4F7556}") = "FromBodyExceptionASPNetCoreIntegration", "FromBodyExceptionASPNetCoreIntegration\FromBodyExceptionASPNetCoreIntegration.csproj", "{6AB13127-EE3C-41C2-AB2A-C6D4CAB77B9F}"
EndProject
Project("{9A19103F-16F7-4668-BE54-9A1E7A4F7556}") = "FromBodyExceptionBuiltInHTTPModel", "FromBodyExceptionBuiltInHTTPModel\FromBodyExceptionBuiltInHTTPModel.csproj", "{059D51F2-5B3D-47CF-B360-0C5008E78B27}"
EndProject
Project("{9A19103F-16F7-4668-BE54-9A1E7A4F7556}") = "FromBodyExceptionBuiltInHttpModelWithNewtonsoft", "FromBodyExceptionBuiltInHttpModelWithNewtonsoft\FromBodyExceptionBuiltInHttpModelWithNewtonsoft.csproj", "{09AA15E6-6030-4F7F-8F20-90BBAA06C5AB}"
EndProject
Project("{2150E333-8FDC-42A3-9474-1A3956D46DE8}") = "Solution Items", "Solution Items", "{F7727F75-DBDC-4155-B9DB-7FCA1476DE38}"
	ProjectSection(SolutionItems) = preProject
		.gitignore = .gitignore
		README.md = README.md
	EndProjectSection
EndProject
Project("{9A19103F-16F7-4668-BE54-9A1E7A4F7556}") = "InProcessModel", "InProcessModel\InProcessModel.csproj", "{F87D6059-5075-4838-A1DB-D7657C983D40}"
EndProject
Global
	GlobalSection(SolutionConfigurationPlatforms) = preSolution
		Debug|Any CPU = Debug|Any CPU
		Release|Any CPU = Release|Any CPU
	EndGlobalSection
	GlobalSection(ProjectConfigurationPlatforms) = postSolution
		{6AB13127-EE3C-41C2-AB2A-C6D4CAB77B9F}.Debug|Any CPU.ActiveCfg = Debug|Any CPU
		{6AB13127-EE3C-41C2-AB2A-C6D4CAB77B9F}.Debug|Any CPU.Build.0 = Debug|Any CPU
		{6AB13127-EE3C-41C2-AB2A-C6D4CAB77B9F}.Release|Any CPU.ActiveCfg = Release|Any CPU
		{6AB13127-EE3C-41C2-AB2A-C6D4CAB77B9F}.Release|Any CPU.Build.0 = Release|Any CPU
		{059D51F2-5B3D-47CF-B360-0C5008E78B27}.Debug|Any CPU.ActiveCfg = Debug|Any CPU
		{059D51F2-5B3D-47CF-B360-0C5008E78B27}.Debug|Any CPU.Build.0 = Debug|Any CPU
		{059D51F2-5B3D-47CF-B360-0C5008E78B27}.Release|Any CPU.ActiveCfg = Release|Any CPU
		{059D51F2-5B3D-47CF-B360-0C5008E78B27}.Release|Any CPU.Build.0 = Release|Any CPU
		{09AA15E6-6030-4F7F-8F20-90BBAA06C5AB}.Debug|Any CPU.ActiveCfg = Debug|Any CPU
		{09AA15E6-6030-4F7F-8F20-90BBAA06C5AB}.Debug|Any CPU.Build.0 = Debug|Any CPU
		{09AA15E6-6030-4F7F-8F20-90BBAA06C5AB}.Release|Any CPU.ActiveCfg = Release|Any CPU
		{09AA15E6-6030-4F7F-8F20-90BBAA06C5AB}.Release|Any CPU.Build.0 = Release|Any CPU
		{F87D6059-5075-4838-A1DB-D7657C983D40}.Debug|Any CPU.ActiveCfg = Debug|Any CPU
		{F87D6059-5075-4838-A1DB-D7657C983D40}.Debug|Any CPU.Build.0 = Debug|Any CPU
		{F87D6059-5075-4838-A1DB-D7657C983D40}.Release|Any CPU.ActiveCfg = Release|Any CPU
		{F87D6059-5075-4838-A1DB-D7657C983D40}.Release|Any CPU.Build.0 = Release|Any CPU
	EndGlobalSection
	GlobalSection(SolutionProperties) = preSolution
		HideSolutionNode = FALSE
	EndGlobalSection
	GlobalSection(ExtensibilityGlobals) = postSolution
		SolutionGuid = {4D7DAB83-12BA-4C8C-8B93-CBDB26D3D213}
	EndGlobalSection
EndGlobal
